// !$*UTF8*$!
{
	archiveVersion = 1;
	classes = {
	};
	objectVersion = 55;
	objects = {

/* Begin PBXBuildFile section */
		C241C2E427FC7F5900A61E01 /* DogBorrowerApp.swift in Sources */ = {isa = PBXBuildFile; fileRef = C241C2E327FC7F5900A61E01 /* DogBorrowerApp.swift */; };
		C241C2E627FC7F5900A61E01 /* ContentView.swift in Sources */ = {isa = PBXBuildFile; fileRef = C241C2E527FC7F5900A61E01 /* ContentView.swift */; };
		C241C2E827FC7F5B00A61E01 /* Assets.xcassets in Resources */ = {isa = PBXBuildFile; fileRef = C241C2E727FC7F5B00A61E01 /* Assets.xcassets */; };
		C241C2EB27FC7F5B00A61E01 /* Preview Assets.xcassets in Resources */ = {isa = PBXBuildFile; fileRef = C241C2EA27FC7F5B00A61E01 /* Preview Assets.xcassets */; };
		C241C2F527FC7F5C00A61E01 /* DogBorrowerTests.swift in Sources */ = {isa = PBXBuildFile; fileRef = C241C2F427FC7F5C00A61E01 /* DogBorrowerTests.swift */; };
		C241C2FF27FC7F5C00A61E01 /* DogBorrowerUITests.swift in Sources */ = {isa = PBXBuildFile; fileRef = C241C2FE27FC7F5C00A61E01 /* DogBorrowerUITests.swift */; };
		C241C30127FC7F5C00A61E01 /* DogBorrowerUITestsLaunchTests.swift in Sources */ = {isa = PBXBuildFile; fileRef = C241C30027FC7F5C00A61E01 /* DogBorrowerUITestsLaunchTests.swift */; };
/* End PBXBuildFile section */

/* Begin PBXContainerItemProxy section */
		C241C2F127FC7F5C00A61E01 /* PBXContainerItemProxy */ = {
			isa = PBXContainerItemProxy;
			containerPortal = C241C2D827FC7F5900A61E01 /* Project object */;
			proxyType = 1;
			remoteGlobalIDString = C241C2DF27FC7F5900A61E01;
			remoteInfo = DogBorrower;
		};
		C241C2FB27FC7F5C00A61E01 /* PBXContainerItemProxy */ = {
			isa = PBXContainerItemProxy;
			containerPortal = C241C2D827FC7F5900A61E01 /* Project object */;
			proxyType = 1;
			remoteGlobalIDString = C241C2DF27FC7F5900A61E01;
			remoteInfo = DogBorrower;
		};
/* End PBXContainerItemProxy section */

/* Begin PBXFileReference section */
		C241C2E027FC7F5900A61E01 /* DogBorrower.app */ = {isa = PBXFileReference; explicitFileType = wrapper.application; includeInIndex = 0; path = DogBorrower.app; sourceTree = BUILT_PRODUCTS_DIR; };
		C241C2E327FC7F5900A61E01 /* DogBorrowerApp.swift */ = {isa = PBXFileReference; lastKnownFileType = sourcecode.swift; path = DogBorrowerApp.swift; sourceTree = "<group>"; };
		C241C2E527FC7F5900A61E01 /* ContentView.swift */ = {isa = PBXFileReference; lastKnownFileType = sourcecode.swift; path = ContentView.swift; sourceTree = "<group>"; };
		C241C2E727FC7F5B00A61E01 /* Assets.xcassets */ = {isa = PBXFileReference; lastKnownFileType = folder.assetcatalog; path = Assets.xcassets; sourceTree = "<group>"; };
		C241C2EA27FC7F5B00A61E01 /* Preview Assets.xcassets */ = {isa = PBXFileReference; lastKnownFileType = folder.assetcatalog; path = "Preview Assets.xcassets"; sourceTree = "<group>"; };
		C241C2F027FC7F5C00A61E01 /* DogBorrowerTests.xctest */ = {isa = PBXFileReference; explicitFileType = wrapper.cfbundle; includeInIndex = 0; path = DogBorrowerTests.xctest; sourceTree = BUILT_PRODUCTS_DIR; };
		C241C2F427FC7F5C00A61E01 /* DogBorrowerTests.swift */ = {isa = PBXFileReference; lastKnownFileType = sourcecode.swift; path = DogBorrowerTests.swift; sourceTree = "<group>"; };
		C241C2FA27FC7F5C00A61E01 /* DogBorrowerUITests.xctest */ = {isa = PBXFileReference; explicitFileType = wrapper.cfbundle; includeInIndex = 0; path = DogBorrowerUITests.xctest; sourceTree = BUILT_PRODUCTS_DIR; };
		C241C2FE27FC7F5C00A61E01 /* DogBorrowerUITests.swift */ = {isa = PBXFileReference; lastKnownFileType = sourcecode.swift; path = DogBorrowerUITests.swift; sourceTree = "<group>"; };
		C241C30027FC7F5C00A61E01 /* DogBorrowerUITestsLaunchTests.swift */ = {isa = PBXFileReference; lastKnownFileType = sourcecode.swift; path = DogBorrowerUITestsLaunchTests.swift; sourceTree = "<group>"; };
/* End PBXFileReference section */

/* Begin PBXFrameworksBuildPhase section */
		C241C2DD27FC7F5900A61E01 /* Frameworks */ = {
			isa = PBXFrameworksBuildPhase;
			buildActionMask = 2147483647;
			files = (
			);
			runOnlyForDeploymentPostprocessing = 0;
		};
		C241C2ED27FC7F5C00A61E01 /* Frameworks */ = {
			isa = PBXFrameworksBuildPhase;
			buildActionMask = 2147483647;
			files = (
			);
			runOnlyForDeploymentPostprocessing = 0;
		};
		C241C2F727FC7F5C00A61E01 /* Frameworks */ = {
			isa = PBXFrameworksBuildPhase;
			buildActionMask = 2147483647;
			files = (
			);
			runOnlyForDeploymentPostprocessing = 0;
		};
/* End PBXFrameworksBuildPhase section */

/* Begin PBXGroup section */
		C241C2D727FC7F5900A61E01 = {
			isa = PBXGroup;
			children = (
				C241C2E227FC7F5900A61E01 /* DogBorrower */,
				C241C2F327FC7F5C00A61E01 /* DogBorrowerTests */,
				C241C2FD27FC7F5C00A61E01 /* DogBorrowerUITests */,
				C241C2E127FC7F5900A61E01 /* Products */,
			);
			sourceTree = "<group>";
		};
		C241C2E127FC7F5900A61E01 /* Products */ = {
			isa = PBXGroup;
			children = (
				C241C2E027FC7F5900A61E01 /* DogBorrower.app */,
				C241C2F027FC7F5C00A61E01 /* DogBorrowerTests.xctest */,
				C241C2FA27FC7F5C00A61E01 /* DogBorrowerUITests.xctest */,
			);
			name = Products;
			sourceTree = "<group>";
		};
		C241C2E227FC7F5900A61E01 /* DogBorrower */ = {
			isa = PBXGroup;
			children = (
				C241C2E327FC7F5900A61E01 /* DogBorrowerApp.swift */,
				C241C2E527FC7F5900A61E01 /* ContentView.swift */,
				C241C2E727FC7F5B00A61E01 /* Assets.xcassets */,
				C241C2E927FC7F5B00A61E01 /* Preview Content */,
			);
			path = DogBorrower;
			sourceTree = "<group>";
		};
		C241C2E927FC7F5B00A61E01 /* Preview Content */ = {
			isa = PBXGroup;
			children = (
				C241C2EA27FC7F5B00A61E01 /* Preview Assets.xcassets */,
			);
			path = "Preview Content";
			sourceTree = "<group>";
		};
		C241C2F327FC7F5C00A61E01 /* DogBorrowerTests */ = {
			isa = PBXGroup;
			children = (
				C241C2F427FC7F5C00A61E01 /* DogBorrowerTests.swift */,
			);
			path = DogBorrowerTests;
			sourceTree = "<group>";
		};
		C241C2FD27FC7F5C00A61E01 /* DogBorrowerUITests */ = {
			isa = PBXGroup;
			children = (
				C241C2FE27FC7F5C00A61E01 /* DogBorrowerUITests.swift */,
				C241C30027FC7F5C00A61E01 /* DogBorrowerUITestsLaunchTests.swift */,
			);
			path = DogBorrowerUITests;
			sourceTree = "<group>";
		};
/* End PBXGroup section */

/* Begin PBXNativeTarget section */
		C241C2DF27FC7F5900A61E01 /* DogBorrower */ = {
			isa = PBXNativeTarget;
			buildConfigurationList = C241C30427FC7F5C00A61E01 /* Build configuration list for PBXNativeTarget "DogBorrower" */;
			buildPhases = (
				C241C2DC27FC7F5900A61E01 /* Sources */,
				C241C2DD27FC7F5900A61E01 /* Frameworks */,
				C241C2DE27FC7F5900A61E01 /* Resources */,
			);
			buildRules = (
			);
			dependencies = (
			);
			name = DogBorrower;
			productName = DogBorrower;
			productReference = C241C2E027FC7F5900A61E01 /* DogBorrower.app */;
			productType = "com.apple.product-type.application";
		};
		C241C2EF27FC7F5C00A61E01 /* DogBorrowerTests */ = {
			isa = PBXNativeTarget;
			buildConfigurationList = C241C30727FC7F5C00A61E01 /* Build configuration list for PBXNativeTarget "DogBorrowerTests" */;
			buildPhases = (
				C241C2EC27FC7F5C00A61E01 /* Sources */,
				C241C2ED27FC7F5C00A61E01 /* Frameworks */,
				C241C2EE27FC7F5C00A61E01 /* Resources */,
			);
			buildRules = (
			);
			dependencies = (
				C241C2F227FC7F5C00A61E01 /* PBXTargetDependency */,
			);
			name = DogBorrowerTests;
			productName = DogBorrowerTests;
			productReference = C241C2F027FC7F5C00A61E01 /* DogBorrowerTests.xctest */;
			productType = "com.apple.product-type.bundle.unit-test";
		};
		C241C2F927FC7F5C00A61E01 /* DogBorrowerUITests */ = {
			isa = PBXNativeTarget;
			buildConfigurationList = C241C30A27FC7F5C00A61E01 /* Build configuration list for PBXNativeTarget "DogBorrowerUITests" */;
			buildPhases = (
				C241C2F627FC7F5C00A61E01 /* Sources */,
				C241C2F727FC7F5C00A61E01 /* Frameworks */,
				C241C2F827FC7F5C00A61E01 /* Resources */,
			);
			buildRules = (
			);
			dependencies = (
				C241C2FC27FC7F5C00A61E01 /* PBXTargetDependency */,
			);
			name = DogBorrowerUITests;
			productName = DogBorrowerUITests;
			productReference = C241C2FA27FC7F5C00A61E01 /* DogBorrowerUITests.xctest */;
			productType = "com.apple.product-type.bundle.ui-testing";
		};
/* End PBXNativeTarget section */

/* Begin PBXProject section */
		C241C2D827FC7F5900A61E01 /* Project object */ = {
			isa = PBXProject;
			attributes = {
				BuildIndependentTargetsInParallel = 1;
				LastSwiftUpdateCheck = 1320;
				LastUpgradeCheck = 1320;
				TargetAttributes = {
					C241C2DF27FC7F5900A61E01 = {
						CreatedOnToolsVersion = 13.2.1;
					};
					C241C2EF27FC7F5C00A61E01 = {
						CreatedOnToolsVersion = 13.2.1;
						TestTargetID = C241C2DF27FC7F5900A61E01;
					};
					C241C2F927FC7F5C00A61E01 = {
						CreatedOnToolsVersion = 13.2.1;
						TestTargetID = C241C2DF27FC7F5900A61E01;
					};
				};
			};
			buildConfigurationList = C241C2DB27FC7F5900A61E01 /* Build configuration list for PBXProject "DogBorrower" */;
			compatibilityVersion = "Xcode 13.0";
			developmentRegion = en;
			hasScannedForEncodings = 0;
			knownRegions = (
				en,
				Base,
			);
			mainGroup = C241C2D727FC7F5900A61E01;
			productRefGroup = C241C2E127FC7F5900A61E01 /* Products */;
			projectDirPath = "";
			projectRoot = "";
			targets = (
				C241C2DF27FC7F5900A61E01 /* DogBorrower */,
				C241C2EF27FC7F5C00A61E01 /* DogBorrowerTests */,
				C241C2F927FC7F5C00A61E01 /* DogBorrowerUITests */,
			);
		};
/* End PBXProject section */

/* Begin PBXResourcesBuildPhase section */
		C241C2DE27FC7F5900A61E01 /* Resources */ = {
			isa = PBXResourcesBuildPhase;
			buildActionMask = 2147483647;
			files = (
				C241C2EB27FC7F5B00A61E01 /* Preview Assets.xcassets in Resources */,
				C241C2E827FC7F5B00A61E01 /* Assets.xcassets in Resources */,
			);
			runOnlyForDeploymentPostprocessing = 0;
		};
		C241C2EE27FC7F5C00A61E01 /* Resources */ = {
			isa = PBXResourcesBuildPhase;
			buildActionMask = 2147483647;
			files = (
			);
			runOnlyForDeploymentPostprocessing = 0;
		};
		C241C2F827FC7F5C00A61E01 /* Resources */ = {
			isa = PBXResourcesBuildPhase;
			buildActionMask = 2147483647;
			files = (
			);
			runOnlyForDeploymentPostprocessing = 0;
		};
/* End PBXResourcesBuildPhase section */

/* Begin PBXSourcesBuildPhase section */
		C241C2DC27FC7F5900A61E01 /* Sources */ = {
			isa = PBXSourcesBuildPhase;
			buildActionMask = 2147483647;
			files = (
				C241C2E627FC7F5900A61E01 /* ContentView.swift in Sources */,
				C241C2E427FC7F5900A61E01 /* DogBorrowerApp.swift in Sources */,
			);
			runOnlyForDeploymentPostprocessing = 0;
		};
		C241C2EC27FC7F5C00A61E01 /* Sources */ = {
			isa = PBXSourcesBuildPhase;
			buildActionMask = 2147483647;
			files = (
				C241C2F527FC7F5C00A61E01 /* DogBorrowerTests.swift in Sources */,
			);
			runOnlyForDeploymentPostprocessing = 0;
		};
		C241C2F627FC7F5C00A61E01 /* Sources */ = {
			isa = PBXSourcesBuildPhase;
			buildActionMask = 2147483647;
			files = (
				C241C2FF27FC7F5C00A61E01 /* DogBorrowerUITests.swift in Sources */,
				C241C30127FC7F5C00A61E01 /* DogBorrowerUITestsLaunchTests.swift in Sources */,
			);
			runOnlyForDeploymentPostprocessing = 0;
		};
/* End PBXSourcesBuildPhase section */

/* Begin PBXTargetDependency section */
		C241C2F227FC7F5C00A61E01 /* PBXTargetDependency */ = {
			isa = PBXTargetDependency;
			target = C241C2DF27FC7F5900A61E01 /* DogBorrower */;
			targetProxy = C241C2F127FC7F5C00A61E01 /* PBXContainerItemProxy */;
		};
		C241C2FC27FC7F5C00A61E01 /* PBXTargetDependency */ = {
			isa = PBXTargetDependency;
			target = C241C2DF27FC7F5900A61E01 /* DogBorrower */;
			targetProxy = C241C2FB27FC7F5C00A61E01 /* PBXContainerItemProxy */;
		};
/* End PBXTargetDependency section */

/* Begin XCBuildConfiguration section */
		C241C30227FC7F5C00A61E01 /* Debug */ = {
			isa = XCBuildConfiguration;
			buildSettings = {
				ALWAYS_SEARCH_USER_PATHS = NO;
				CLANG_ANALYZER_NONNULL = YES;
				CLANG_ANALYZER_NUMBER_OBJECT_CONVERSION = YES_AGGRESSIVE;
				CLANG_CXX_LANGUAGE_STANDARD = "gnu++17";
				CLANG_CXX_LIBRARY = "libc++";
				CLANG_ENABLE_MODULES = YES;
				CLANG_ENABLE_OBJC_ARC = YES;
				CLANG_ENABLE_OBJC_WEAK = YES;
				CLANG_WARN_BLOCK_CAPTURE_AUTORELEASING = YES;
				CLANG_WARN_BOOL_CONVERSION = YES;
				CLANG_WARN_COMMA = YES;
				CLANG_WARN_CONSTANT_CONVERSION = YES;
				CLANG_WARN_DEPRECATED_OBJC_IMPLEMENTATIONS = YES;
				CLANG_WARN_DIRECT_OBJC_ISA_USAGE = YES_ERROR;
				CLANG_WARN_DOCUMENTATION_COMMENTS = YES;
				CLANG_WARN_EMPTY_BODY = YES;
				CLANG_WARN_ENUM_CONVERSION = YES;
				CLANG_WARN_INFINITE_RECURSION = YES;
				CLANG_WARN_INT_CONVERSION = YES;
				CLANG_WARN_NON_LITERAL_NULL_CONVERSION = YES;
				CLANG_WARN_OBJC_IMPLICIT_RETAIN_SELF = YES;
				CLANG_WARN_OBJC_LITERAL_CONVERSION = YES;
				CLANG_WARN_OBJC_ROOT_CLASS = YES_ERROR;
				CLANG_WARN_QUOTED_INCLUDE_IN_FRAMEWORK_HEADER = YES;
				CLANG_WARN_RANGE_LOOP_ANALYSIS = YES;
				CLANG_WARN_STRICT_PROTOTYPES = YES;
				CLANG_WARN_SUSPICIOUS_MOVE = YES;
				CLANG_WARN_UNGUARDED_AVAILABILITY = YES_AGGRESSIVE;
				CLANG_WARN_UNREACHABLE_CODE = YES;
				CLANG_WARN__DUPLICATE_METHOD_MATCH = YES;
				COPY_PHASE_STRIP = NO;
				DEBUG_INFORMATION_FORMAT = dwarf;
				ENABLE_STRICT_OBJC_MSGSEND = YES;
				ENABLE_TESTABILITY = YES;
				GCC_C_LANGUAGE_STANDARD = gnu11;
				GCC_DYNAMIC_NO_PIC = NO;
				GCC_NO_COMMON_BLOCKS = YES;
				GCC_OPTIMIZATION_LEVEL = 0;
				GCC_PREPROCESSOR_DEFINITIONS = (
					"DEBUG=1",
					"$(inherited)",
				);
				GCC_WARN_64_TO_32_BIT_CONVERSION = YES;
				GCC_WARN_ABOUT_RETURN_TYPE = YES_ERROR;
				GCC_WARN_UNDECLARED_SELECTOR = YES;
				GCC_WARN_UNINITIALIZED_AUTOS = YES_AGGRESSIVE;
				GCC_WARN_UNUSED_FUNCTION = YES;
				GCC_WARN_UNUSED_VARIABLE = YES;
				IPHONEOS_DEPLOYMENT_TARGET = 15.2;
				MTL_ENABLE_DEBUG_INFO = INCLUDE_SOURCE;
				MTL_FAST_MATH = YES;
				ONLY_ACTIVE_ARCH = YES;
				SDKROOT = iphoneos;
				SWIFT_ACTIVE_COMPILATION_CONDITIONS = DEBUG;
				SWIFT_OPTIMIZATION_LEVEL = "-Onone";
			};
			name = Debug;
		};
		C241C30327FC7F5C00A61E01 /* Release */ = {
			isa = XCBuildConfiguration;
			buildSettings = {
				ALWAYS_SEARCH_USER_PATHS = NO;
				CLANG_ANALYZER_NONNULL = YES;
				CLANG_ANALYZER_NUMBER_OBJECT_CONVERSION = YES_AGGRESSIVE;
				CLANG_CXX_LANGUAGE_STANDARD = "gnu++17";
				CLANG_CXX_LIBRARY = "libc++";
				CLANG_ENABLE_MODULES = YES;
				CLANG_ENABLE_OBJC_ARC = YES;
				CLANG_ENABLE_OBJC_WEAK = YES;
				CLANG_WARN_BLOCK_CAPTURE_AUTORELEASING = YES;
				CLANG_WARN_BOOL_CONVERSION = YES;
				CLANG_WARN_COMMA = YES;
				CLANG_WARN_CONSTANT_CONVERSION = YES;
				CLANG_WARN_DEPRECATED_OBJC_IMPLEMENTATIONS = YES;
				CLANG_WARN_DIRECT_OBJC_ISA_USAGE = YES_ERROR;
				CLANG_WARN_DOCUMENTATION_COMMENTS = YES;
				CLANG_WARN_EMPTY_BODY = YES;
				CLANG_WARN_ENUM_CONVERSION = YES;
				CLANG_WARN_INFINITE_RECURSION = YES;
				CLANG_WARN_INT_CONVERSION = YES;
				CLANG_WARN_NON_LITERAL_NULL_CONVERSION = YES;
				CLANG_WARN_OBJC_IMPLICIT_RETAIN_SELF = YES;
				CLANG_WARN_OBJC_LITERAL_CONVERSION = YES;
				CLANG_WARN_OBJC_ROOT_CLASS = YES_ERROR;
				CLANG_WARN_QUOTED_INCLUDE_IN_FRAMEWORK_HEADER = YES;
				CLANG_WARN_RANGE_LOOP_ANALYSIS = YES;
				CLANG_WARN_STRICT_PROTOTYPES = YES;
				CLANG_WARN_SUSPICIOUS_MOVE = YES;
				CLANG_WARN_UNGUARDED_AVAILABILITY = YES_AGGRESSIVE;
				CLANG_WARN_UNREACHABLE_CODE = YES;
				CLANG_WARN__DUPLICATE_METHOD_MATCH = YES;
				COPY_PHASE_STRIP = NO;
				DEBUG_INFORMATION_FORMAT = "dwarf-with-dsym";
				ENABLE_NS_ASSERTIONS = NO;
				ENABLE_STRICT_OBJC_MSGSEND = YES;
				GCC_C_LANGUAGE_STANDARD = gnu11;
				GCC_NO_COMMON_BLOCKS = YES;
				GCC_WARN_64_TO_32_BIT_CONVERSION = YES;
				GCC_WARN_ABOUT_RETURN_TYPE = YES_ERROR;
				GCC_WARN_UNDECLARED_SELECTOR = YES;
				GCC_WARN_UNINITIALIZED_AUTOS = YES_AGGRESSIVE;
				GCC_WARN_UNUSED_FUNCTION = YES;
				GCC_WARN_UNUSED_VARIABLE = YES;
				IPHONEOS_DEPLOYMENT_TARGET = 15.2;
				MTL_ENABLE_DEBUG_INFO = NO;
				MTL_FAST_MATH = YES;
				SDKROOT = iphoneos;
				SWIFT_COMPILATION_MODE = wholemodule;
				SWIFT_OPTIMIZATION_LEVEL = "-O";
				VALIDATE_PRODUCT = YES;
			};
			name = Release;
		};
		C241C30527FC7F5C00A61E01 /* Debug */ = {
			isa = XCBuildConfiguration;
			buildSettings = {
				ASSETCATALOG_COMPILER_APPICON_NAME = AppIcon;
				ASSETCATALOG_COMPILER_GLOBAL_ACCENT_COLOR_NAME = AccentColor;
				CODE_SIGN_STYLE = Automatic;
				CURRENT_PROJECT_VERSION = 1;
				DEVELOPMENT_ASSET_PATHS = "\"DogBorrower/Preview Content\"";
				ENABLE_PREVIEWS = YES;
				GENERATE_INFOPLIST_FILE = YES;
				INFOPLIST_KEY_UIApplicationSceneManifest_Generation = YES;
				INFOPLIST_KEY_UIApplicationSupportsIndirectInputEvents = YES;
				INFOPLIST_KEY_UILaunchScreen_Generation = YES;
				INFOPLIST_KEY_UISupportedInterfaceOrientations_iPad = "UIInterfaceOrientationPortrait UIInterfaceOrientationPortraitUpsideDown UIInterfaceOrientationLandscapeLeft UIInterfaceOrientationLandscapeRight";
				INFOPLIST_KEY_UISupportedInterfaceOrientations_iPhone = "UIInterfaceOrientationPortrait UIInterfaceOrientationLandscapeLeft UIInterfaceOrientationLandscapeRight";
				LD_RUNPATH_SEARCH_PATHS = (
					"$(inherited)",
					"@executable_path/Frameworks",
				);
				MARKETING_VERSION = 1.0;
				PRODUCT_BUNDLE_IDENTIFIER = aimee.DogBorrower;
				PRODUCT_NAME = "$(TARGET_NAME)";
				SWIFT_EMIT_LOC_STRINGS = YES;
				SWIFT_VERSION = 5.0;
				TARGETED_DEVICE_FAMILY = "1,2";
			};
			name = Debug;
		};
		C241C30627FC7F5C00A61E01 /* Release */ = {
			isa = XCBuildConfiguration;
			buildSettings = {
				ASSETCATALOG_COMPILER_APPICON_NAME = AppIcon;
				ASSETCATALOG_COMPILER_GLOBAL_ACCENT_COLOR_NAME = AccentColor;
				CODE_SIGN_STYLE = Automatic;
				CURRENT_PROJECT_VERSION = 1;
				DEVELOPMENT_ASSET_PATHS = "\"DogBorrower/Preview Content\"";
				ENABLE_PREVIEWS = YES;
				GENERATE_INFOPLIST_FILE = YES;
				INFOPLIST_KEY_UIApplicationSceneManifest_Generation = YES;
				INFOPLIST_KEY_UIApplicationSupportsIndirectInputEvents = YES;
				INFOPLIST_KEY_UILaunchScreen_Generation = YES;
				INFOPLIST_KEY_UISupportedInterfaceOrientations_iPad = "UIInterfaceOrientationPortrait UIInterfaceOrientationPortraitUpsideDown UIInterfaceOrientationLandscapeLeft UIInterfaceOrientationLandscapeRight";
				INFOPLIST_KEY_UISupportedInterfaceOrientations_iPhone = "UIInterfaceOrientationPortrait UIInterfaceOrientationLandscapeLeft UIInterfaceOrientationLandscapeRight";
				LD_RUNPATH_SEARCH_PATHS = (
					"$(inherited)",
					"@executable_path/Frameworks",
				);
				MARKETING_VERSION = 1.0;
				PRODUCT_BUNDLE_IDENTIFIER = aimee.DogBorrower;
				PRODUCT_NAME = "$(TARGET_NAME)";
				SWIFT_EMIT_LOC_STRINGS = YES;
				SWIFT_VERSION = 5.0;
				TARGETED_DEVICE_FAMILY = "1,2";
			};
			name = Release;
		};
		C241C30827FC7F5C00A61E01 /* Debug */ = {
			isa = XCBuildConfiguration;
			buildSettings = {
				ALWAYS_EMBED_SWIFT_STANDARD_LIBRARIES = YES;
				BUNDLE_LOADER = "$(TEST_HOST)";
				CODE_SIGN_STYLE = Automatic;
				CURRENT_PROJECT_VERSION = 1;
				GENERATE_INFOPLIST_FILE = YES;
				IPHONEOS_DEPLOYMENT_TARGET = 15.2;
				MARKETING_VERSION = 1.0;
				PRODUCT_BUNDLE_IDENTIFIER = aimee.DogBorrowerTests;
				PRODUCT_NAME = "$(TARGET_NAME)";
				SWIFT_EMIT_LOC_STRINGS = NO;
				SWIFT_VERSION = 5.0;
				TARGETED_DEVICE_FAMILY = "1,2";
				TEST_HOST = "$(BUILT_PRODUCTS_DIR)/DogBorrower.app/DogBorrower";
			};
			name = Debug;
		};
		C241C30927FC7F5C00A61E01 /* Release */ = {
			isa = XCBuildConfiguration;
			buildSettings = {
				ALWAYS_EMBED_SWIFT_STANDARD_LIBRARIES = YES;
				BUNDLE_LOADER = "$(TEST_HOST)";
				CODE_SIGN_STYLE = Automatic;
				CURRENT_PROJECT_VERSION = 1;
				GENERATE_INFOPLIST_FILE = YES;
				IPHONEOS_DEPLOYMENT_TARGET = 15.2;
				MARKETING_VERSION = 1.0;
				PRODUCT_BUNDLE_IDENTIFIER = aimee.DogBorrowerTests;
				PRODUCT_NAME = "$(TARGET_NAME)";
				SWIFT_EMIT_LOC_STRINGS = NO;
				SWIFT_VERSION = 5.0;
				TARGETED_DEVICE_FAMILY = "1,2";
				TEST_HOST = "$(BUILT_PRODUCTS_DIR)/DogBorrower.app/DogBorrower";
			};
			name = Release;
		};
		C241C30B27FC7F5C00A61E01 /* Debug */ = {
			isa = XCBuildConfiguration;
			buildSettings = {
				ALWAYS_EMBED_SWIFT_STANDARD_LIBRARIES = YES;
				CODE_SIGN_STYLE = Automatic;
				CURRENT_PROJECT_VERSION = 1;
				GENERATE_INFOPLIST_FILE = YES;
				MARKETING_VERSION = 1.0;
				PRODUCT_BUNDLE_IDENTIFIER = aimee.DogBorrowerUITests;
				PRODUCT_NAME = "$(TARGET_NAME)";
				SWIFT_EMIT_LOC_STRINGS = NO;
				SWIFT_VERSION = 5.0;
				TARGETED_DEVICE_FAMILY = "1,2";
				TEST_TARGET_NAME = DogBorrower;
			};
			name = Debug;
		};
		C241C30C27FC7F5C00A61E01 /* Release */ = {
			isa = XCBuildConfiguration;
			buildSettings = {
				ALWAYS_EMBED_SWIFT_STANDARD_LIBRARIES = YES;
				CODE_SIGN_STYLE = Automatic;
				CURRENT_PROJECT_VERSION = 1;
				GENERATE_INFOPLIST_FILE = YES;
				MARKETING_VERSION = 1.0;
				PRODUCT_BUNDLE_IDENTIFIER = aimee.DogBorrowerUITests;
				PRODUCT_NAME = "$(TARGET_NAME)";
				SWIFT_EMIT_LOC_STRINGS = NO;
				SWIFT_VERSION = 5.0;
				TARGETED_DEVICE_FAMILY = "1,2";
				TEST_TARGET_NAME = DogBorrower;
			};
			name = Release;
		};
/* End XCBuildConfiguration section */

/* Begin XCConfigurationList section */
		C241C2DB27FC7F5900A61E01 /* Build configuration list for PBXProject "DogBorrower" */ = {
			isa = XCConfigurationList;
			buildConfigurations = (
				C241C30227FC7F5C00A61E01 /* Debug */,
				C241C30327FC7F5C00A61E01 /* Release */,
			);
			defaultConfigurationIsVisible = 0;
			defaultConfigurationName = Release;
		};
		C241C30427FC7F5C00A61E01 /* Build configuration list for PBXNativeTarget "DogBorrower" */ = {
			isa = XCConfigurationList;
			buildConfigurations = (
				C241C30527FC7F5C00A61E01 /* Debug */,
				C241C30627FC7F5C00A61E01 /* Release */,
			);
			defaultConfigurationIsVisible = 0;
			defaultConfigurationName = Release;
		};
		C241C30727FC7F5C00A61E01 /* Build configuration list for PBXNativeTarget "DogBorrowerTests" */ = {
			isa = XCConfigurationList;
			buildConfigurations = (
				C241C30827FC7F5C00A61E01 /* Debug */,
				C241C30927FC7F5C00A61E01 /* Release */,
			);
			defaultConfigurationIsVisible = 0;
			defaultConfigurationName = Release;
		};
		C241C30A27FC7F5C00A61E01 /* Build configuration list for PBXNativeTarget "DogBorrowerUITests" */ = {
			isa = XCConfigurationList;
			buildConfigurations = (
				C241C30B27FC7F5C00A61E01 /* Debug */,
				C241C30C27FC7F5C00A61E01 /* Release */,
			);
			defaultConfigurationIsVisible = 0;
			defaultConfigurationName = Release;
		};
/* End XCConfigurationList section */
	};
	rootObject = C241C2D827FC7F5900A61E01 /* Project object */;
}
